// !$*UTF8*$!
{
	archiveVersion = 1;
	classes = {
	};
	objectVersion = 77;
	objects = {

/* Begin PBXBuildFile section */
		24BA4DF8FE024FFD691B4481 /* MenuBarExtraAccess in Frameworks */ = {isa = PBXBuildFile; productRef = 084754A0398802823E5C6F83 /* MenuBarExtraAccess */; };
		324A545FAD263370DD0D39A0 /* StateFileMonitor.swift in Sources */ = {isa = PBXBuildFile; fileRef = B2A357690D370D53804C2773 /* StateFileMonitor.swift */; };
		3AFEF326923E1610FD7A266B /* MoonsideBarApp.swift in Sources */ = {isa = PBXBuildFile; fileRef = 5171C563D4EFC374833096B4 /* MoonsideBarApp.swift */; };
		7C7446DCA3A7954E297625EF /* MacControlCenterUI in Frameworks */ = {isa = PBXBuildFile; productRef = 9938C841A6AD05AA8DEAC5CE /* MacControlCenterUI */; };
		8E8803D479020129B3638E61 /* AppState.swift in Sources */ = {isa = PBXBuildFile; fileRef = AD02FC845877611C670D300E /* AppState.swift */; };
		B0D45BFB391E8821E47C9309 /* LaunchAtLogin in Frameworks */ = {isa = PBXBuildFile; productRef = D91EADF9B4652376A13D9149 /* LaunchAtLogin */; };
		BE007CD47D5237ED60BFD642 /* BluetoothManager.swift in Sources */ = {isa = PBXBuildFile; fileRef = 6EC71CB9409945A4A7BA8882 /* BluetoothManager.swift */; };
		EA7AF0DCECE3F9C084B5391D /* Defaults in Frameworks */ = {isa = PBXBuildFile; productRef = 175199D8940476C4E28D5FD0 /* Defaults */; };
		F2ACE6E87957FD927A0471CD /* MenuBarView.swift in Sources */ = {isa = PBXBuildFile; fileRef = 8EADDB7DDC45BF530EFC4CC9 /* MenuBarView.swift */; };
/* End PBXBuildFile section */

/* Begin PBXFileReference section */
		437C35F38A5580CDB3403D54 /* Info.plist */ = {isa = PBXFileReference; lastKnownFileType = text.plist; path = Info.plist; sourceTree = "<group>"; };
		5171C563D4EFC374833096B4 /* MoonsideBarApp.swift */ = {isa = PBXFileReference; lastKnownFileType = sourcecode.swift; path = MoonsideBarApp.swift; sourceTree = "<group>"; };
		6EC71CB9409945A4A7BA8882 /* BluetoothManager.swift */ = {isa = PBXFileReference; lastKnownFileType = sourcecode.swift; path = BluetoothManager.swift; sourceTree = "<group>"; };
		8EADDB7DDC45BF530EFC4CC9 /* MenuBarView.swift */ = {isa = PBXFileReference; lastKnownFileType = sourcecode.swift; path = MenuBarView.swift; sourceTree = "<group>"; };
		AD02FC845877611C670D300E /* AppState.swift */ = {isa = PBXFileReference; lastKnownFileType = sourcecode.swift; path = AppState.swift; sourceTree = "<group>"; };
		B2A357690D370D53804C2773 /* StateFileMonitor.swift */ = {isa = PBXFileReference; lastKnownFileType = sourcecode.swift; path = StateFileMonitor.swift; sourceTree = "<group>"; };
		E235F74767F0620363AE937D /* MoonsideBar.app */ = {isa = PBXFileReference; explicitFileType = wrapper.application; includeInIndex = 0; path = MoonsideBar.app; sourceTree = BUILT_PRODUCTS_DIR; };
		E760A0DD50E7072540BD593E /* MoonsideBar.entitlements */ = {isa = PBXFileReference; lastKnownFileType = text.plist.entitlements; path = MoonsideBar.entitlements; sourceTree = "<group>"; };
/* End PBXFileReference section */

/* Begin PBXFrameworksBuildPhase section */
		3CFD786EA55EC09C370FCE8E /* Frameworks */ = {
			isa = PBXFrameworksBuildPhase;
			buildActionMask = 2147483647;
			files = (
				7C7446DCA3A7954E297625EF /* MacControlCenterUI in Frameworks */,
				24BA4DF8FE024FFD691B4481 /* MenuBarExtraAccess in Frameworks */,
				EA7AF0DCECE3F9C084B5391D /* Defaults in Frameworks */,
				B0D45BFB391E8821E47C9309 /* LaunchAtLogin in Frameworks */,
			);
			runOnlyForDeploymentPostprocessing = 0;
		};
/* End PBXFrameworksBuildPhase section */

/* Begin PBXGroup section */
		2EE2D04D7A2738CBB6D89DE5 /* Products */ = {
			isa = PBXGroup;
			children = (
				E235F74767F0620363AE937D /* MoonsideBar.app */,
			);
			name = Products;
			sourceTree = "<group>";
		};
		703DB826BDA166E1B6E837D3 = {
			isa = PBXGroup;
			children = (
				AE616E8C3179082C1D7BAB0F /* MoonsideBar */,
				2EE2D04D7A2738CBB6D89DE5 /* Products */,
			);
			sourceTree = "<group>";
		};
		AE616E8C3179082C1D7BAB0F /* MoonsideBar */ = {
			isa = PBXGroup;
			children = (
				AD02FC845877611C670D300E /* AppState.swift */,
				6EC71CB9409945A4A7BA8882 /* BluetoothManager.swift */,
				437C35F38A5580CDB3403D54 /* Info.plist */,
				8EADDB7DDC45BF530EFC4CC9 /* MenuBarView.swift */,
				E760A0DD50E7072540BD593E /* MoonsideBar.entitlements */,
				5171C563D4EFC374833096B4 /* MoonsideBarApp.swift */,
				B2A357690D370D53804C2773 /* StateFileMonitor.swift */,
			);
			path = MoonsideBar;
			sourceTree = "<group>";
		};
/* End PBXGroup section */

/* Begin PBXNativeTarget section */
		A6A9B5404C9009CD1535148B /* MoonsideBar */ = {
			isa = PBXNativeTarget;
			buildConfigurationList = 2D0EA688E10FA0BBB5A79E1F /* Build configuration list for PBXNativeTarget "MoonsideBar" */;
			buildPhases = (
				04D67F919C38319328FC313C /* Sources */,
				3CFD786EA55EC09C370FCE8E /* Frameworks */,
			);
			buildRules = (
			);
			dependencies = (
			);
			name = MoonsideBar;
			packageProductDependencies = (
				9938C841A6AD05AA8DEAC5CE /* MacControlCenterUI */,
				084754A0398802823E5C6F83 /* MenuBarExtraAccess */,
				175199D8940476C4E28D5FD0 /* Defaults */,
				D91EADF9B4652376A13D9149 /* LaunchAtLogin */,
			);
			productName = MoonsideBar;
			productReference = E235F74767F0620363AE937D /* MoonsideBar.app */;
			productType = "com.apple.product-type.application";
		};
/* End PBXNativeTarget section */

/* Begin PBXProject section */
		99E740F472ECB4A2546E5749 /* Project object */ = {
			isa = PBXProject;
			attributes = {
				BuildIndependentTargetsInParallel = YES;
				LastUpgradeCheck = 1600;
				TargetAttributes = {
				};
			};
			buildConfigurationList = D9105BAFB4C878C3A82591E0 /* Build configuration list for PBXProject "MoonsideBar" */;
			developmentRegion = en;
			hasScannedForEncodings = 0;
			knownRegions = (
				Base,
				en,
			);
			mainGroup = 703DB826BDA166E1B6E837D3;
			minimizedProjectReferenceProxies = 1;
			packageReferences = (
				51B9CD064C072FEB37CC5C75 /* XCRemoteSwiftPackageReference "Defaults" */,
				CC45B542DCBD5EA8141614E9 /* XCRemoteSwiftPackageReference "LaunchAtLogin-Modern" */,
				EB76D64B5B1CE33C96A0A65F /* XCRemoteSwiftPackageReference "MacControlCenterUI" */,
				83BF7F5AD41113B3AD1978E1 /* XCRemoteSwiftPackageReference "MenuBarExtraAccess" */,
			);
			preferredProjectObjectVersion = 77;
			productRefGroup = 2EE2D04D7A2738CBB6D89DE5 /* Products */;
			projectDirPath = "";
			projectRoot = "";
			targets = (
				A6A9B5404C9009CD1535148B /* MoonsideBar */,
			);
		};
/* End PBXProject section */

/* Begin PBXSourcesBuildPhase section */
		04D67F919C38319328FC313C /* Sources */ = {
			isa = PBXSourcesBuildPhase;
			buildActionMask = 2147483647;
			files = (
				8E8803D479020129B3638E61 /* AppState.swift in Sources */,
				BE007CD47D5237ED60BFD642 /* BluetoothManager.swift in Sources */,
				F2ACE6E87957FD927A0471CD /* MenuBarView.swift in Sources */,
				3AFEF326923E1610FD7A266B /* MoonsideBarApp.swift in Sources */,
				324A545FAD263370DD0D39A0 /* StateFileMonitor.swift in Sources */,
			);
			runOnlyForDeploymentPostprocessing = 0;
		};
/* End PBXSourcesBuildPhase section */

/* Begin XCBuildConfiguration section */
		31759B1E3F47DE5FD2F137AD /* Debug */ = {
			isa = XCBuildConfiguration;
			buildSettings = {
				ASSETCATALOG_COMPILER_APPICON_NAME = AppIcon;
				CODE_SIGN_ENTITLEMENTS = MoonsideBar/MoonsideBar.entitlements;
				CODE_SIGN_IDENTITY = "-";
				COMBINE_HIDPI_IMAGES = YES;
				CURRENT_PROJECT_VERSION = 1;
				ENABLE_HARDENED_RUNTIME = YES;
				GENERATE_INFOPLIST_FILE = NO;
				INFOPLIST_FILE = MoonsideBar/Info.plist;
				LD_RUNPATH_SEARCH_PATHS = (
					"$(inherited)",
					"@executable_path/../Frameworks",
				);
				MARKETING_VERSION = 1.0.0;
				PRODUCT_BUNDLE_IDENTIFIER = studio.rabituza.MoonsideBar;
				PRODUCT_NAME = MoonsideBar;
				SDKROOT = macosx;
				SWIFT_OPTIMIZATION_LEVEL = "-Onone";
				SWIFT_VERSION = 5.9;
			};
			name = Debug;
		};
		9055654F62EA4C120AF460B4 /* Release */ = {
			isa = XCBuildConfiguration;
			buildSettings = {
				ALWAYS_SEARCH_USER_PATHS = NO;
				CLANG_ANALYZER_NONNULL = YES;
				CLANG_ANALYZER_NUMBER_OBJECT_CONVERSION = YES_AGGRESSIVE;
				CLANG_CXX_LANGUAGE_STANDARD = "gnu++14";
				CLANG_CXX_LIBRARY = "libc++";
				CLANG_ENABLE_MODULES = YES;
				CLANG_ENABLE_OBJC_ARC = YES;
				CLANG_ENABLE_OBJC_WEAK = YES;
				CLANG_WARN_BLOCK_CAPTURE_AUTORELEASING = YES;
				CLANG_WARN_BOOL_CONVERSION = YES;
				CLANG_WARN_COMMA = YES;
				CLANG_WARN_CONSTANT_CONVERSION = YES;
				CLANG_WARN_DEPRECATED_OBJC_IMPLEMENTATIONS = YES;
				CLANG_WARN_DIRECT_OBJC_ISA_USAGE = YES_ERROR;
				CLANG_WARN_DOCUMENTATION_COMMENTS = YES;
				CLANG_WARN_EMPTY_BODY = YES;
				CLANG_WARN_ENUM_CONVERSION = YES;
				CLANG_WARN_INFINITE_RECURSION = YES;
				CLANG_WARN_INT_CONVERSION = YES;
				CLANG_WARN_NON_LITERAL_NULL_CONVERSION = YES;
				CLANG_WARN_OBJC_IMPLICIT_RETAIN_SELF = YES;
				CLANG_WARN_OBJC_LITERAL_CONVERSION = YES;
				CLANG_WARN_OBJC_ROOT_CLASS = YES_ERROR;
				CLANG_WARN_QUOTED_INCLUDE_IN_FRAMEWORK_HEADER = YES;
				CLANG_WARN_RANGE_LOOP_ANALYSIS = YES;
				CLANG_WARN_STRICT_PROTOTYPES = YES;
				CLANG_WARN_SUSPICIOUS_MOVE = YES;
				CLANG_WARN_UNGUARDED_AVAILABILITY = YES_AGGRESSIVE;
				CLANG_WARN_UNREACHABLE_CODE = YES;
				CLANG_WARN__DUPLICATE_METHOD_MATCH = YES;
				COPY_PHASE_STRIP = NO;
				DEBUG_INFORMATION_FORMAT = "dwarf-with-dsym";
				ENABLE_NS_ASSERTIONS = NO;
				ENABLE_STRICT_OBJC_MSGSEND = YES;
				GCC_C_LANGUAGE_STANDARD = gnu11;
				GCC_NO_COMMON_BLOCKS = YES;
				GCC_WARN_64_TO_32_BIT_CONVERSION = YES;
				GCC_WARN_ABOUT_RETURN_TYPE = YES_ERROR;
				GCC_WARN_UNDECLARED_SELECTOR = YES;
				GCC_WARN_UNINITIALIZED_AUTOS = YES_AGGRESSIVE;
				GCC_WARN_UNUSED_FUNCTION = YES;
				GCC_WARN_UNUSED_VARIABLE = YES;
				MACOSX_DEPLOYMENT_TARGET = 14.0;
				MTL_ENABLE_DEBUG_INFO = NO;
				MTL_FAST_MATH = YES;
				PRODUCT_NAME = "$(TARGET_NAME)";
				SDKROOT = macosx;
				SWIFT_COMPILATION_MODE = wholemodule;
				SWIFT_OPTIMIZATION_LEVEL = "-O";
				SWIFT_VERSION = 5.0;
			};
			name = Release;
		};
		DB2F48A82749513B2E86F823 /* Debug */ = {
			isa = XCBuildConfiguration;
			buildSettings = {
				ALWAYS_SEARCH_USER_PATHS = NO;
				CLANG_ANALYZER_NONNULL = YES;
				CLANG_ANALYZER_NUMBER_OBJECT_CONVERSION = YES_AGGRESSIVE;
				CLANG_CXX_LANGUAGE_STANDARD = "gnu++14";
				CLANG_CXX_LIBRARY = "libc++";
				CLANG_ENABLE_MODULES = YES;
				CLANG_ENABLE_OBJC_ARC = YES;
				CLANG_ENABLE_OBJC_WEAK = YES;
				CLANG_WARN_BLOCK_CAPTURE_AUTORELEASING = YES;
				CLANG_WARN_BOOL_CONVERSION = YES;
				CLANG_WARN_COMMA = YES;
				CLANG_WARN_CONSTANT_CONVERSION = YES;
				CLANG_WARN_DEPRECATED_OBJC_IMPLEMENTATIONS = YES;
				CLANG_WARN_DIRECT_OBJC_ISA_USAGE = YES_ERROR;
				CLANG_WARN_DOCUMENTATION_COMMENTS = YES;
				CLANG_WARN_EMPTY_BODY = YES;
				CLANG_WARN_ENUM_CONVERSION = YES;
				CLANG_WARN_INFINITE_RECURSION = YES;
				CLANG_WARN_INT_CONVERSION = YES;
				CLANG_WARN_NON_LITERAL_NULL_CONVERSION = YES;
				CLANG_WARN_OBJC_IMPLICIT_RETAIN_SELF = YES;
				CLANG_WARN_OBJC_LITERAL_CONVERSION = YES;
				CLANG_WARN_OBJC_ROOT_CLASS = YES_ERROR;
				CLANG_WARN_QUOTED_INCLUDE_IN_FRAMEWORK_HEADER = YES;
				CLANG_WARN_RANGE_LOOP_ANALYSIS = YES;
				CLANG_WARN_STRICT_PROTOTYPES = YES;
				CLANG_WARN_SUSPICIOUS_MOVE = YES;
				CLANG_WARN_UNGUARDED_AVAILABILITY = YES_AGGRESSIVE;
				CLANG_WARN_UNREACHABLE_CODE = YES;
				CLANG_WARN__DUPLICATE_METHOD_MATCH = YES;
				COPY_PHASE_STRIP = NO;
				DEBUG_INFORMATION_FORMAT = dwarf;
				ENABLE_STRICT_OBJC_MSGSEND = YES;
				ENABLE_TESTABILITY = YES;
				GCC_C_LANGUAGE_STANDARD = gnu11;
				GCC_DYNAMIC_NO_PIC = NO;
				GCC_NO_COMMON_BLOCKS = YES;
				GCC_OPTIMIZATION_LEVEL = 0;
				GCC_PREPROCESSOR_DEFINITIONS = (
					"$(inherited)",
					"DEBUG=1",
				);
				GCC_WARN_64_TO_32_BIT_CONVERSION = YES;
				GCC_WARN_ABOUT_RETURN_TYPE = YES_ERROR;
				GCC_WARN_UNDECLARED_SELECTOR = YES;
				GCC_WARN_UNINITIALIZED_AUTOS = YES_AGGRESSIVE;
				GCC_WARN_UNUSED_FUNCTION = YES;
				GCC_WARN_UNUSED_VARIABLE = YES;
				MACOSX_DEPLOYMENT_TARGET = 14.0;
				MTL_ENABLE_DEBUG_INFO = INCLUDE_SOURCE;
				MTL_FAST_MATH = YES;
				ONLY_ACTIVE_ARCH = YES;
				PRODUCT_NAME = "$(TARGET_NAME)";
				SDKROOT = macosx;
				SWIFT_ACTIVE_COMPILATION_CONDITIONS = DEBUG;
				SWIFT_OPTIMIZATION_LEVEL = "-Onone";
				SWIFT_VERSION = 5.0;
			};
			name = Debug;
		};
		DDF3659CEE879CE343977A11 /* Release */ = {
			isa = XCBuildConfiguration;
			buildSettings = {
				ASSETCATALOG_COMPILER_APPICON_NAME = AppIcon;
				CODE_SIGN_ENTITLEMENTS = MoonsideBar/MoonsideBar.entitlements;
				CODE_SIGN_IDENTITY = "-";
				COMBINE_HIDPI_IMAGES = YES;
				CURRENT_PROJECT_VERSION = 1;
				ENABLE_HARDENED_RUNTIME = YES;
				GENERATE_INFOPLIST_FILE = NO;
				INFOPLIST_FILE = MoonsideBar/Info.plist;
				LD_RUNPATH_SEARCH_PATHS = (
					"$(inherited)",
					"@executable_path/../Frameworks",
				);
				MARKETING_VERSION = 1.0.0;
				PRODUCT_BUNDLE_IDENTIFIER = studio.rabituza.MoonsideBar;
				PRODUCT_NAME = MoonsideBar;
				SDKROOT = macosx;
				SWIFT_OPTIMIZATION_LEVEL = "-O";
				SWIFT_VERSION = 5.9;
			};
			name = Release;
		};
/* End XCBuildConfiguration section */

/* Begin XCConfigurationList section */
		2D0EA688E10FA0BBB5A79E1F /* Build configuration list for PBXNativeTarget "MoonsideBar" */ = {
			isa = XCConfigurationList;
			buildConfigurations = (
				31759B1E3F47DE5FD2F137AD /* Debug */,
				DDF3659CEE879CE343977A11 /* Release */,
			);
			defaultConfigurationIsVisible = 0;
			defaultConfigurationName = Debug;
		};
		D9105BAFB4C878C3A82591E0 /* Build configuration list for PBXProject "MoonsideBar" */ = {
			isa = XCConfigurationList;
			buildConfigurations = (
				DB2F48A82749513B2E86F823 /* Debug */,
				9055654F62EA4C120AF460B4 /* Release */,
			);
			defaultConfigurationIsVisible = 0;
			defaultConfigurationName = Debug;
		};
/* End XCConfigurationList section */

/* Begin XCRemoteSwiftPackageReference section */
		51B9CD064C072FEB37CC5C75 /* XCRemoteSwiftPackageReference "Defaults" */ = {
			isa = XCRemoteSwiftPackageReference;
			repositoryURL = "https://github.com/sindresorhus/Defaults";
			requirement = {
				kind = upToNextMajorVersion;
				minimumVersion = 9.0.0;
			};
		};
		83BF7F5AD41113B3AD1978E1 /* XCRemoteSwiftPackageReference "MenuBarExtraAccess" */ = {
			isa = XCRemoteSwiftPackageReference;
			repositoryURL = "https://github.com/orchetect/MenuBarExtraAccess";
			requirement = {
				kind = upToNextMajorVersion;
				minimumVersion = 1.3.0;
			};
		};
		CC45B542DCBD5EA8141614E9 /* XCRemoteSwiftPackageReference "LaunchAtLogin-Modern" */ = {
			isa = XCRemoteSwiftPackageReference;
			repositoryURL = "https://github.com/sindresorhus/LaunchAtLogin-Modern";
			requirement = {
				kind = upToNextMajorVersion;
				minimumVersion = 1.0.0;
			};
		};
		EB76D64B5B1CE33C96A0A65F /* XCRemoteSwiftPackageReference "MacControlCenterUI" */ = {
			isa = XCRemoteSwiftPackageReference;
			repositoryURL = "https://github.com/orchetect/MacControlCenterUI";
			requirement = {
				kind = upToNextMajorVersion;
				minimumVersion = 2.7.0;
			};
		};
/* End XCRemoteSwiftPackageReference section */

/* Begin XCSwiftPackageProductDependency section */
		084754A0398802823E5C6F83 /* MenuBarExtraAccess */ = {
			isa = XCSwiftPackageProductDependency;
			package = 83BF7F5AD41113B3AD1978E1 /* XCRemoteSwiftPackageReference "MenuBarExtraAccess" */;
			productName = MenuBarExtraAccess;
		};
		175199D8940476C4E28D5FD0 /* Defaults */ = {
			isa = XCSwiftPackageProductDependency;
			package = 51B9CD064C072FEB37CC5C75 /* XCRemoteSwiftPackageReference "Defaults" */;
			productName = Defaults;
		};
		9938C841A6AD05AA8DEAC5CE /* MacControlCenterUI */ = {
			isa = XCSwiftPackageProductDependency;
			package = EB76D64B5B1CE33C96A0A65F /* XCRemoteSwiftPackageReference "MacControlCenterUI" */;
			productName = MacControlCenterUI;
		};
		D91EADF9B4652376A13D9149 /* LaunchAtLogin */ = {
			isa = XCSwiftPackageProductDependency;
			package = CC45B542DCBD5EA8141614E9 /* XCRemoteSwiftPackageReference "LaunchAtLogin-Modern" */;
			productName = LaunchAtLogin;
		};
/* End XCSwiftPackageProductDependency section */
	};
	rootObject = 99E740F472ECB4A2546E5749 /* Project object */;
}
